
Microsoft Visual Studio Solution File, Format Version 12.00
# Visual Studio 15
Project("{FAE04EC0-301F-11D3-BF4B-00C04F79EFBC}") = "Assembly-CSharp", "Assembly-CSharp.csproj", "{39713012-E744-83AD-6017-A6239945F49A}"
EndProject
Project("{FAE04EC0-301F-11D3-BF4B-00C04F79EFBC}") = "MoreMountains.Tools", "MoreMountains.Tools.csproj", "{B997E1E4-BC78-6173-9D65-6E953997B760}"
EndProject
Project("{FAE04EC0-301F-11D3-BF4B-00C04F79EFBC}") = "Assembly-CSharp-Editor", "Assembly-CSharp-Editor.csproj", "{41FC005C-F30F-F17B-BFD8-E693923F4759}"
EndProject
Project("{FAE04EC0-301F-11D3-BF4B-00C04F79EFBC}") = "MoreMountains.Tools.Editor", "MoreMountains.Tools.Editor.csproj", "{2CC5CAED-3590-3C32-66C6-6999F3037620}"
EndProject
Project("{FAE04EC0-301F-11D3-BF4B-00C04F79EFBC}") = "ToonyColorsPro.Demo.Editor", "ToonyColorsPro.Demo.Editor.csproj", "{43FE4B00-A742-CA00-7EFA-312E16AC875B}"
EndProject
Project("{FAE04EC0-301F-11D3-BF4B-00C04F79EFBC}") = "Lofelt.NiceVibrations", "Lofelt.NiceVibrations.csproj", "{9D8A14B9-AF49-33C3-9A89-7FE41CB43A82}"
EndProject
Project("{FAE04EC0-301F-11D3-BF4B-00C04F79EFBC}") = "Lofelt.NiceVibrations.Demo", "Lofelt.NiceVibrations.Demo.csproj", "{79FA7FC8-89FF-6691-A9DB-DE5D7FD48421}"
EndProject
Project("{FAE04EC0-301F-11D3-BF4B-00C04F79EFBC}") = "Assembly-CSharp-firstpass", "Assembly-CSharp-firstpass.csproj", "{65C6A7C6-9BB8-80AC-BF51-972E535FECF9}"
EndProject
Project("{FAE04EC0-301F-11D3-BF4B-00C04F79EFBC}") = "CFXRRuntime", "CFXRRuntime.csproj", "{B35C6420-2B1F-2D6D-CAC8-274FEB84D430}"
EndProject
Project("{FAE04EC0-301F-11D3-BF4B-00C04F79EFBC}") = "CFXREditor", "CFXREditor.csproj", "{4B9AFB3A-4DBC-772B-3BEC-81C070162266}"
EndProject
Project("{FAE04EC0-301F-11D3-BF4B-00C04F79EFBC}") = "CFXRDemo", "CFXRDemo.csproj", "{5C50095C-A0E2-55F0-C704-DEDDB542D889}"
EndProject
Project("{FAE04EC0-301F-11D3-BF4B-00C04F79EFBC}") = "Lofelt.NiceVibrations.Editor", "Lofelt.NiceVibrations.Editor.csproj", "{728D86E7-11B8-5B67-AA04-2A0FF70CC524}"
EndProject
Project("{FAE04EC0-301F-11D3-BF4B-00C04F79EFBC}") = "KinoBloom.Runtime", "KinoBloom.Runtime.csproj", "{18DB88C4-4FDE-8599-C2C5-10679A4819E0}"
EndProject
Global
	GlobalSection(SolutionConfigurationPlatforms) = preSolution
		Debug|Any CPU = Debug|Any CPU
		Release|Any CPU = Release|Any CPU
	EndGlobalSection
	GlobalSection(ProjectConfigurationPlatforms) = postSolution
		{39713012-E744-83AD-6017-A6239945F49A}.Debug|Any CPU.ActiveCfg = Debug|Any CPU
		{39713012-E744-83AD-6017-A6239945F49A}.Debug|Any CPU.Build.0 = Debug|Any CPU
		{39713012-E744-83AD-6017-A6239945F49A}.Release|Any CPU.ActiveCfg = Release|Any CPU
		{39713012-E744-83AD-6017-A6239945F49A}.Release|Any CPU.Build.0 = Release|Any CPU
		{B997E1E4-BC78-6173-9D65-6E953997B760}.Debug|Any CPU.ActiveCfg = Debug|Any CPU
		{B997E1E4-BC78-6173-9D65-6E953997B760}.Debug|Any CPU.Build.0 = Debug|Any CPU
		{B997E1E4-BC78-6173-9D65-6E953997B760}.Release|Any CPU.ActiveCfg = Release|Any CPU
		{B997E1E4-BC78-6173-9D65-6E953997B760}.Release|Any CPU.Build.0 = Release|Any CPU
		{41FC005C-F30F-F17B-BFD8-E693923F4759}.Debug|Any CPU.ActiveCfg = Debug|Any CPU
		{41FC005C-F30F-F17B-BFD8-E693923F4759}.Debug|Any CPU.Build.0 = Debug|Any CPU
		{41FC005C-F30F-F17B-BFD8-E693923F4759}.Release|Any CPU.ActiveCfg = Release|Any CPU
		{41FC005C-F30F-F17B-BFD8-E693923F4759}.Release|Any CPU.Build.0 = Release|Any CPU
		{2CC5CAED-3590-3C32-66C6-6999F3037620}.Debug|Any CPU.ActiveCfg = Debug|Any CPU
		{2CC5CAED-3590-3C32-66C6-6999F3037620}.Debug|Any CPU.Build.0 = Debug|Any CPU
		{2CC5CAED-3590-3C32-66C6-6999F3037620}.Release|Any CPU.ActiveCfg = Release|Any CPU
		{2CC5CAED-3590-3C32-66C6-6999F3037620}.Release|Any CPU.Build.0 = Release|Any CPU
		{43FE4B00-A742-CA00-7EFA-312E16AC875B}.Debug|Any CPU.ActiveCfg = Debug|Any CPU
		{43FE4B00-A742-CA00-7EFA-312E16AC875B}.Debug|Any CPU.Build.0 = Debug|Any CPU
		{43FE4B00-A742-CA00-7EFA-312E16AC875B}.Release|Any CPU.ActiveCfg = Release|Any CPU
		{43FE4B00-A742-CA00-7EFA-312E16AC875B}.Release|Any CPU.Build.0 = Release|Any CPU
		{9D8A14B9-AF49-33C3-9A89-7FE41CB43A82}.Debug|Any CPU.ActiveCfg = Debug|Any CPU
		{9D8A14B9-AF49-33C3-9A89-7FE41CB43A82}.Debug|Any CPU.Build.0 = Debug|Any CPU
		{9D8A14B9-AF49-33C3-9A89-7FE41CB43A82}.Release|Any CPU.ActiveCfg = Release|Any CPU
		{9D8A14B9-AF49-33C3-9A89-7FE41CB43A82}.Release|Any CPU.Build.0 = Release|Any CPU
		{79FA7FC8-89FF-6691-A9DB-DE5D7FD48421}.Debug|Any CPU.ActiveCfg = Debug|Any CPU
		{79FA7FC8-89FF-6691-A9DB-DE5D7FD48421}.Debug|Any CPU.Build.0 = Debug|Any CPU
		{79FA7FC8-89FF-6691-A9DB-DE5D7FD48421}.Release|Any CPU.ActiveCfg = Release|Any CPU
		{79FA7FC8-89FF-6691-A9DB-DE5D7FD48421}.Release|Any CPU.Build.0 = Release|Any CPU
		{65C6A7C6-9BB8-80AC-BF51-972E535FECF9}.Debug|Any CPU.ActiveCfg = Debug|Any CPU
		{65C6A7C6-9BB8-80AC-BF51-972E535FECF9}.Debug|Any CPU.Build.0 = Debug|Any CPU
		{65C6A7C6-9BB8-80AC-BF51-972E535FECF9}.Release|Any CPU.ActiveCfg = Release|Any CPU
		{65C6A7C6-9BB8-80AC-BF51-972E535FECF9}.Release|Any CPU.Build.0 = Release|Any CPU
		{B35C6420-2B1F-2D6D-CAC8-274FEB84D430}.Debug|Any CPU.ActiveCfg = Debug|Any CPU
		{B35C6420-2B1F-2D6D-CAC8-274FEB84D430}.Debug|Any CPU.Build.0 = Debug|Any CPU
		{B35C6420-2B1F-2D6D-CAC8-274FEB84D430}.Release|Any CPU.ActiveCfg = Release|Any CPU
		{B35C6420-2B1F-2D6D-CAC8-274FEB84D430}.Release|Any CPU.Build.0 = Release|Any CPU
		{4B9AFB3A-4DBC-772B-3BEC-81C070162266}.Debug|Any CPU.ActiveCfg = Debug|Any CPU
		{4B9AFB3A-4DBC-772B-3BEC-81C070162266}.Debug|Any CPU.Build.0 = Debug|Any CPU
		{4B9AFB3A-4DBC-772B-3BEC-81C070162266}.Release|Any CPU.ActiveCfg = Release|Any CPU
		{4B9AFB3A-4DBC-772B-3BEC-81C070162266}.Release|Any CPU.Build.0 = Release|Any CPU
		{5C50095C-A0E2-55F0-C704-DEDDB542D889}.Debug|Any CPU.ActiveCfg = Debug|Any CPU
		{5C50095C-A0E2-55F0-C704-DEDDB542D889}.Debug|Any CPU.Build.0 = Debug|Any CPU
		{5C50095C-A0E2-55F0-C704-DEDDB542D889}.Release|Any CPU.ActiveCfg = Release|Any CPU
		{5C50095C-A0E2-55F0-C704-DEDDB542D889}.Release|Any CPU.Build.0 = Release|Any CPU
		{728D86E7-11B8-5B67-AA04-2A0FF70CC524}.Debug|Any CPU.ActiveCfg = Debug|Any CPU
		{728D86E7-11B8-5B67-AA04-2A0FF70CC524}.Debug|Any CPU.Build.0 = Debug|Any CPU
		{728D86E7-11B8-5B67-AA04-2A0FF70CC524}.Release|Any CPU.ActiveCfg = Release|Any CPU
		{728D86E7-11B8-5B67-AA04-2A0FF70CC524}.Release|Any CPU.Build.0 = Release|Any CPU
		{18DB88C4-4FDE-8599-C2C5-10679A4819E0}.Debug|Any CPU.ActiveCfg = Debug|Any CPU
		{18DB88C4-4FDE-8599-C2C5-10679A4819E0}.Debug|Any CPU.Build.0 = Debug|Any CPU
		{18DB88C4-4FDE-8599-C2C5-10679A4819E0}.Release|Any CPU.ActiveCfg = Release|Any CPU
		{18DB88C4-4FDE-8599-C2C5-10679A4819E0}.Release|Any CPU.Build.0 = Release|Any CPU
	EndGlobalSection
	GlobalSection(SolutionProperties) = preSolution
		HideSolutionNode = FALSE
	EndGlobalSection
EndGlobal
